{
  "nodes": {
    "nixpkgs": {
      "locked": {
        "lastModified": 1674933057,
        "narHash": "sha256-tIzR9aLyfPrM5PiLCn+tts6JMlPA+DQSyWy5qjVfbqE=",
        "owner": "NixOS",
        "repo": "nixpkgs",
        "rev": "c9df03662dcc2c6fbbd6fea1f7793aab68c5a8a7",
        "type": "github"
      },
      "original": {
        "owner": "NixOS",
        "ref": "master",
        "repo": "nixpkgs",
        "type": "github"
      }
    },
    "root": {
      "inputs": {
        "nixpkgs": "nixpkgs"
      }
    }
  },
  "root": "root",
  "version": 7
}
