{
  "nodes": {
    "nixpkgs": {
      "locked": {
        "lastModified": 1658829276,
        "narHash": "sha256-vAfjIB54LmEPzNKWjXdcrSgE/411/rMQU6ECXW/BH+U=",
        "owner": "nixos",
        "repo": "nixpkgs",
        "rev": "59d13713c21c4a38d8bc06eafbc5e8a8cb6a3139",
        "type": "github"
      },
      "original": {
        "owner": "nixos",
        "ref": "nixos-unstable-small",
        "repo": "nixpkgs",
        "type": "github"
      }
    },
    "root": {
      "inputs": {
        "nixpkgs": "nixpkgs"
      }
    }
  },
  "root": "root",
  "version": 7
}
