{
  "nodes": {
    "nixpkgs": {
      "locked": {
        "lastModified": 1676836832,
        "narHash": "sha256-SN1w/1Hq+mExahhbI2jcKTpGZeKzfr7XRDBRwFnqK5Q=",
        "owner": "NixOS",
        "repo": "nixpkgs",
        "rev": "77517d46d2efde0cdc6665547569d254bae807e8",
        "type": "github"
      },
      "original": {
        "owner": "NixOS",
        "ref": "master",
        "repo": "nixpkgs",
        "type": "github"
      }
    },
    "root": {
      "inputs": {
        "nixpkgs": "nixpkgs"
      }
    }
  },
  "root": "root",
  "version": 7
}
